
Microsoft Visual Studio Solution File, Format Version 12.00
# Visual Studio 15
VisualStudioVersion = 15.0.27130.2026
MinimumVisualStudioVersion = 10.0.40219.1
Project("{FAE04EC0-301F-11D3-BF4B-00C04F79EFBC}") = "Factory Ide", "Factory Ide\Factory Ide.csproj", "{8B51732D-F35D-49CF-9CDF-6D4B0AA96006}"
EndProject
Project("{FAE04EC0-301F-11D3-BF4B-00C04F79EFBC}") = "AppBuilder", "AppBuilder\AppBuilder.csproj", "{FF4501D5-9266-4C8C-9EB6-5C208BE26C1E}"
EndProject
Global
	GlobalSection(SolutionConfigurationPlatforms) = preSolution
		Debug|Any CPU = Debug|Any CPU
		Release|Any CPU = Release|Any CPU
	EndGlobalSection
	GlobalSection(ProjectConfigurationPlatforms) = postSolution
		{8B51732D-F35D-49CF-9CDF-6D4B0AA96006}.Debug|Any CPU.ActiveCfg = Debug|Any CPU
		{8B51732D-F35D-49CF-9CDF-6D4B0AA96006}.Debug|Any CPU.Build.0 = Debug|Any CPU
		{8B51732D-F35D-49CF-9CDF-6D4B0AA96006}.Release|Any CPU.ActiveCfg = Release|Any CPU
		{8B51732D-F35D-49CF-9CDF-6D4B0AA96006}.Release|Any CPU.Build.0 = Release|Any CPU
		{FF4501D5-9266-4C8C-9EB6-5C208BE26C1E}.Debug|Any CPU.ActiveCfg = Debug|Any CPU
		{FF4501D5-9266-4C8C-9EB6-5C208BE26C1E}.Debug|Any CPU.Build.0 = Debug|Any CPU
		{FF4501D5-9266-4C8C-9EB6-5C208BE26C1E}.Release|Any CPU.ActiveCfg = Release|Any CPU
		{FF4501D5-9266-4C8C-9EB6-5C208BE26C1E}.Release|Any CPU.Build.0 = Release|Any CPU
	EndGlobalSection
	GlobalSection(SolutionProperties) = preSolution
		HideSolutionNode = FALSE
	EndGlobalSection
	GlobalSection(ExtensibilityGlobals) = postSolution
		SolutionGuid = {96595917-D382-4374-9A12-B2E69310D779}
	EndGlobalSection
EndGlobal
